
Microsoft Visual Studio Solution File, Format Version 10.00
# Visual Studio 2008
Project("{FAE04EC0-301F-11D3-BF4B-00C04F79EFBC}") = "Mascaret", "Mascaret\Mascaret.csproj", "{2922675B-99B8-4F4C-8E45-2125E0D29229}"
EndProject
Global
	GlobalSection(SolutionConfigurationPlatforms) = preSolution
		Debug|Any CPU = Debug|Any CPU
		Release|Any CPU = Release|Any CPU
	EndGlobalSection
	GlobalSection(ProjectConfigurationPlatforms) = postSolution
		{2922675B-99B8-4F4C-8E45-2125E0D29229}.Debug|Any CPU.ActiveCfg = Debug|Any CPU
		{2922675B-99B8-4F4C-8E45-2125E0D29229}.Debug|Any CPU.Build.0 = Debug|Any CPU
		{2922675B-99B8-4F4C-8E45-2125E0D29229}.Release|Any CPU.ActiveCfg = Release|Any CPU
		{2922675B-99B8-4F4C-8E45-2125E0D29229}.Release|Any CPU.Build.0 = Release|Any CPU
	EndGlobalSection
	GlobalSection(MonoDevelopProperties) = preSolution
		StartupItem = Mascaret\Mascaret.csproj
	EndGlobalSection
EndGlobal
